
Microsoft Visual Studio Solution File, Format Version 12.00
# Visual Studio Version 16
VisualStudioVersion = 16.0.30503.244
MinimumVisualStudioVersion = 10.0.40219.1
Project("{FAE04EC0-301F-11D3-BF4B-00C04F79EFBC}") = "SoftwareCodeFirst", "SoftwareCodeFirst\SoftwareCodeFirst.csproj", "{F4F63A3E-B56F-4538-A5EA-55136DC6831A}"
EndProject
Global
	GlobalSection(SolutionConfigurationPlatforms) = preSolution
		Debug|Any CPU = Debug|Any CPU
		Release|Any CPU = Release|Any CPU
	EndGlobalSection
	GlobalSection(ProjectConfigurationPlatforms) = postSolution
		{F4F63A3E-B56F-4538-A5EA-55136DC6831A}.Debug|Any CPU.ActiveCfg = Debug|Any CPU
		{F4F63A3E-B56F-4538-A5EA-55136DC6831A}.Debug|Any CPU.Build.0 = Debug|Any CPU
		{F4F63A3E-B56F-4538-A5EA-55136DC6831A}.Release|Any CPU.ActiveCfg = Release|Any CPU
		{F4F63A3E-B56F-4538-A5EA-55136DC6831A}.Release|Any CPU.Build.0 = Release|Any CPU
	EndGlobalSection
	GlobalSection(SolutionProperties) = preSolution
		HideSolutionNode = FALSE
	EndGlobalSection
	GlobalSection(ExtensibilityGlobals) = postSolution
		SolutionGuid = {00DAD632-875E-444F-827A-A7D3ADDA09E4}
	EndGlobalSection
EndGlobal
